
Microsoft Visual Studio Solution File, Format Version 12.00
Project("{2150E333-8FDC-42A3-9474-1A3956D46DE8}") = "src", "src", "{FB739D40-EF66-40EB-BE5C-71BE64F5E723}"
EndProject
Project("{2150E333-8FDC-42A3-9474-1A3956D46DE8}") = "tests", "tests", "{4DBA1F89-75B4-49E2-B400-72C5BAF1700E}"
EndProject
Project("{2150E333-8FDC-42A3-9474-1A3956D46DE8}") = "docs", "docs", "{DA5B1CA7-56B5-4462-9D85-D13A25D5C2B8}"
	ProjectSection(SolutionItems) = preProject
		docs\database.md = docs\database.md
		docs\authentication-server.md = docs\authentication-server.md
	EndProjectSection
EndProject
Project("{2150E333-8FDC-42A3-9474-1A3956D46DE8}") = "git", "git", "{663D0744-4242-4DD1-B8E7-6FF65A6594D7}"
	ProjectSection(SolutionItems) = preProject
		LICENSE = LICENSE
		README.md = README.md
		.gitignore = .gitignore
	EndProjectSection
EndProject
Project("{2150E333-8FDC-42A3-9474-1A3956D46DE8}") = "solution", "solution", "{38099395-FE17-49AF-BFA3-429EC42C745F}"
	ProjectSection(SolutionItems) = preProject
		NuGet.Config = NuGet.Config
		Directory.Build.props = Directory.Build.props
		Directory.Packages.props = Directory.Packages.props
		docker-compose.yml = docker-compose.yml
		docker-compose.env = docker-compose.env
	EndProjectSection
EndProject
Project("{FAE04EC0-301F-11D3-BF4B-00C04F79EFBC}") = "Api", "src\MadWorldNL.MadTransfer.Controllers.Api\Api.csproj", "{3587E2CA-6929-4E0A-B998-669FFD397837}"
EndProject
Project("{2150E333-8FDC-42A3-9474-1A3956D46DE8}") = "Controllers", "Controllers", "{5758F264-35F0-4B08-A004-F29341DDFA2D}"
EndProject
Project("{2150E333-8FDC-42A3-9474-1A3956D46DE8}") = "Infrastructures", "Infrastructures", "{22F88AC0-EB10-4111-92F1-864AA0BF0D49}"
EndProject
Project("{2150E333-8FDC-42A3-9474-1A3956D46DE8}") = "Domains", "Domains", "{E3B93468-E6D4-4B31-B714-93CF22941E4B}"
EndProject
Project("{FAE04EC0-301F-11D3-BF4B-00C04F79EFBC}") = "Contracts", "src\MadWorldNL.MadTransfer.Controllers.Contracts\Contracts.csproj", "{340E89E5-97C1-4D95-BD63-C848BA6A538E}"
EndProject
Project("{FAE04EC0-301F-11D3-BF4B-00C04F79EFBC}") = "Functions", "src\MadWorldNL.MadTransfer.Domains.Functions\Functions.csproj", "{2025F27A-E816-48CB-82FA-D625D4D27AEF}"
EndProject
Project("{FAE04EC0-301F-11D3-BF4B-00C04F79EFBC}") = "Abstractions", "src\MadWorldNL.MadTransfer.Domains.Abstractions\Abstractions.csproj", "{2140D2F7-C03F-4A05-8B59-95F536944DE2}"
EndProject
Project("{FAE04EC0-301F-11D3-BF4B-00C04F79EFBC}") = "Databases", "src\MadWorldNL.MadTransfer.Infrastructures.Databases\Databases.csproj", "{922AB7BC-5E66-4D5E-969D-480537DCF2EE}"
EndProject
Project("{FAE04EC0-301F-11D3-BF4B-00C04F79EFBC}") = "Disks", "src\MadWorldNL.MadTransfer.Infrastructures.Disks\Disks.csproj", "{857FFFCA-7DDB-4109-9E62-20A20E02EB5C}"
EndProject
Project("{FAE04EC0-301F-11D3-BF4B-00C04F79EFBC}") = "Web", "src\MadWorldNL.MadTransfer.Controllers.Web\Web.csproj", "{6508350C-B366-47CE-B7DF-7AED1B8C9E04}"
EndProject
Project("{2150E333-8FDC-42A3-9474-1A3956D46DE8}") = "packages", "packages", "{A3894864-3880-4D38-A013-CCD976932A88}"
	ProjectSection(SolutionItems) = preProject
		packages\README.md = packages\README.md
	EndProjectSection
EndProject
Project("{2150E333-8FDC-42A3-9474-1A3956D46DE8}") = "workflows", "workflows", "{941B9D4E-8D59-47D3-8B3F-F47EB6984EC7}"
	ProjectSection(SolutionItems) = preProject
		.github\workflows\docker-main.yml = .github\workflows\docker-main.yml
		.github\workflows\docker-tag.yml = .github\workflows\docker-tag.yml
		.github\workflows\dotnet-ci.yml = .github\workflows\dotnet-ci.yml
	EndProjectSection
EndProject
Global
	GlobalSection(SolutionConfigurationPlatforms) = preSolution
		Debug|Any CPU = Debug|Any CPU
		Release|Any CPU = Release|Any CPU
	EndGlobalSection
	GlobalSection(NestedProjects) = preSolution
		{5758F264-35F0-4B08-A004-F29341DDFA2D} = {FB739D40-EF66-40EB-BE5C-71BE64F5E723}
		{3587E2CA-6929-4E0A-B998-669FFD397837} = {5758F264-35F0-4B08-A004-F29341DDFA2D}
		{22F88AC0-EB10-4111-92F1-864AA0BF0D49} = {FB739D40-EF66-40EB-BE5C-71BE64F5E723}
		{E3B93468-E6D4-4B31-B714-93CF22941E4B} = {FB739D40-EF66-40EB-BE5C-71BE64F5E723}
		{340E89E5-97C1-4D95-BD63-C848BA6A538E} = {5758F264-35F0-4B08-A004-F29341DDFA2D}
		{2025F27A-E816-48CB-82FA-D625D4D27AEF} = {E3B93468-E6D4-4B31-B714-93CF22941E4B}
		{2140D2F7-C03F-4A05-8B59-95F536944DE2} = {E3B93468-E6D4-4B31-B714-93CF22941E4B}
		{922AB7BC-5E66-4D5E-969D-480537DCF2EE} = {22F88AC0-EB10-4111-92F1-864AA0BF0D49}
		{857FFFCA-7DDB-4109-9E62-20A20E02EB5C} = {22F88AC0-EB10-4111-92F1-864AA0BF0D49}
		{6508350C-B366-47CE-B7DF-7AED1B8C9E04} = {5758F264-35F0-4B08-A004-F29341DDFA2D}
		{A3894864-3880-4D38-A013-CCD976932A88} = {663D0744-4242-4DD1-B8E7-6FF65A6594D7}
		{941B9D4E-8D59-47D3-8B3F-F47EB6984EC7} = {38099395-FE17-49AF-BFA3-429EC42C745F}
	EndGlobalSection
	GlobalSection(ProjectConfigurationPlatforms) = postSolution
		{3587E2CA-6929-4E0A-B998-669FFD397837}.Debug|Any CPU.ActiveCfg = Debug|Any CPU
		{3587E2CA-6929-4E0A-B998-669FFD397837}.Debug|Any CPU.Build.0 = Debug|Any CPU
		{3587E2CA-6929-4E0A-B998-669FFD397837}.Release|Any CPU.ActiveCfg = Release|Any CPU
		{3587E2CA-6929-4E0A-B998-669FFD397837}.Release|Any CPU.Build.0 = Release|Any CPU
		{340E89E5-97C1-4D95-BD63-C848BA6A538E}.Debug|Any CPU.ActiveCfg = Debug|Any CPU
		{340E89E5-97C1-4D95-BD63-C848BA6A538E}.Debug|Any CPU.Build.0 = Debug|Any CPU
		{340E89E5-97C1-4D95-BD63-C848BA6A538E}.Release|Any CPU.ActiveCfg = Release|Any CPU
		{340E89E5-97C1-4D95-BD63-C848BA6A538E}.Release|Any CPU.Build.0 = Release|Any CPU
		{2025F27A-E816-48CB-82FA-D625D4D27AEF}.Debug|Any CPU.ActiveCfg = Debug|Any CPU
		{2025F27A-E816-48CB-82FA-D625D4D27AEF}.Debug|Any CPU.Build.0 = Debug|Any CPU
		{2025F27A-E816-48CB-82FA-D625D4D27AEF}.Release|Any CPU.ActiveCfg = Release|Any CPU
		{2025F27A-E816-48CB-82FA-D625D4D27AEF}.Release|Any CPU.Build.0 = Release|Any CPU
		{2140D2F7-C03F-4A05-8B59-95F536944DE2}.Debug|Any CPU.ActiveCfg = Debug|Any CPU
		{2140D2F7-C03F-4A05-8B59-95F536944DE2}.Debug|Any CPU.Build.0 = Debug|Any CPU
		{2140D2F7-C03F-4A05-8B59-95F536944DE2}.Release|Any CPU.ActiveCfg = Release|Any CPU
		{2140D2F7-C03F-4A05-8B59-95F536944DE2}.Release|Any CPU.Build.0 = Release|Any CPU
		{922AB7BC-5E66-4D5E-969D-480537DCF2EE}.Debug|Any CPU.ActiveCfg = Debug|Any CPU
		{922AB7BC-5E66-4D5E-969D-480537DCF2EE}.Debug|Any CPU.Build.0 = Debug|Any CPU
		{922AB7BC-5E66-4D5E-969D-480537DCF2EE}.Release|Any CPU.ActiveCfg = Release|Any CPU
		{922AB7BC-5E66-4D5E-969D-480537DCF2EE}.Release|Any CPU.Build.0 = Release|Any CPU
		{857FFFCA-7DDB-4109-9E62-20A20E02EB5C}.Debug|Any CPU.ActiveCfg = Debug|Any CPU
		{857FFFCA-7DDB-4109-9E62-20A20E02EB5C}.Debug|Any CPU.Build.0 = Debug|Any CPU
		{857FFFCA-7DDB-4109-9E62-20A20E02EB5C}.Release|Any CPU.ActiveCfg = Release|Any CPU
		{857FFFCA-7DDB-4109-9E62-20A20E02EB5C}.Release|Any CPU.Build.0 = Release|Any CPU
		{6508350C-B366-47CE-B7DF-7AED1B8C9E04}.Debug|Any CPU.ActiveCfg = Debug|Any CPU
		{6508350C-B366-47CE-B7DF-7AED1B8C9E04}.Debug|Any CPU.Build.0 = Debug|Any CPU
		{6508350C-B366-47CE-B7DF-7AED1B8C9E04}.Release|Any CPU.ActiveCfg = Release|Any CPU
		{6508350C-B366-47CE-B7DF-7AED1B8C9E04}.Release|Any CPU.Build.0 = Release|Any CPU
	EndGlobalSection
EndGlobal
